
Microsoft Visual Studio Solution File, Format Version 12.00
# Visual Studio 14
VisualStudioVersion = 14.0.25420.1
MinimumVisualStudioVersion = 10.0.40219.1
Project("{FAE04EC0-301F-11D3-BF4B-00C04F79EFBC}") = "DCPSRevenueManagement", "DCPSRevenueManagement\DCPSRevenueManagement.csproj", "{C4F2570B-2A1A-4948-B20B-4B90910F3F81}"
EndProject
Project("{00D1A9C2-B5F0-4AF3-8072-F6C62B433612}") = "DCPSRevenueManagement1", "src\DCPSRevenueManagement1\DCPSRevenueManagement1.sqlproj", "{8A26138B-FDD4-4A5D-B706-DA0A6F582A51}"
EndProject
Global
	GlobalSection(SolutionConfigurationPlatforms) = preSolution
		Debug|Any CPU = Debug|Any CPU
		Release|Any CPU = Release|Any CPU
	EndGlobalSection
	GlobalSection(ProjectConfigurationPlatforms) = postSolution
		{C4F2570B-2A1A-4948-B20B-4B90910F3F81}.Debug|Any CPU.ActiveCfg = Debug|Any CPU
		{C4F2570B-2A1A-4948-B20B-4B90910F3F81}.Debug|Any CPU.Build.0 = Debug|Any CPU
		{C4F2570B-2A1A-4948-B20B-4B90910F3F81}.Release|Any CPU.ActiveCfg = Release|Any CPU
		{C4F2570B-2A1A-4948-B20B-4B90910F3F81}.Release|Any CPU.Build.0 = Release|Any CPU
		{8A26138B-FDD4-4A5D-B706-DA0A6F582A51}.Debug|Any CPU.ActiveCfg = Debug|Any CPU
		{8A26138B-FDD4-4A5D-B706-DA0A6F582A51}.Debug|Any CPU.Build.0 = Debug|Any CPU
		{8A26138B-FDD4-4A5D-B706-DA0A6F582A51}.Debug|Any CPU.Deploy.0 = Debug|Any CPU
		{8A26138B-FDD4-4A5D-B706-DA0A6F582A51}.Release|Any CPU.ActiveCfg = Release|Any CPU
		{8A26138B-FDD4-4A5D-B706-DA0A6F582A51}.Release|Any CPU.Build.0 = Release|Any CPU
		{8A26138B-FDD4-4A5D-B706-DA0A6F582A51}.Release|Any CPU.Deploy.0 = Release|Any CPU
	EndGlobalSection
	GlobalSection(SolutionProperties) = preSolution
		HideSolutionNode = FALSE
	EndGlobalSection
EndGlobal
